// !$*UTF8*$!
{
	archiveVersion = 1;
	classes = {
	};
	objectVersion = 56;
	objects = {

/* Begin PBXBuildFile section */
		A7459D872C216A8F005E73C7 /* AppDelegate.swift in Sources */ = {isa = PBXBuildFile; fileRef = A7459D862C216A8F005E73C7 /* AppDelegate.swift */; };
		A7459D892C216A8F005E73C7 /* SceneDelegate.swift in Sources */ = {isa = PBXBuildFile; fileRef = A7459D882C216A8F005E73C7 /* SceneDelegate.swift */; };
		A7459D902C216A92005E73C7 /* Assets.xcassets in Resources */ = {isa = PBXBuildFile; fileRef = A7459D8F2C216A92005E73C7 /* Assets.xcassets */; };
		A7459D932C216A92005E73C7 /* Base in Resources */ = {isa = PBXBuildFile; fileRef = A7459D922C216A92005E73C7 /* Base */; };
		A7459D9B2C22E1BA005E73C7 /* SearchViewController.swift in Sources */ = {isa = PBXBuildFile; fileRef = A7459D9A2C22E1BA005E73C7 /* SearchViewController.swift */; };
		A7459D9D2C22E250005E73C7 /* FavoritesListViewController.swift in Sources */ = {isa = PBXBuildFile; fileRef = A7459D9C2C22E250005E73C7 /* FavoritesListViewController.swift */; };
		A7459DF12C24362E005E73C7 /* GFButton.swift in Sources */ = {isa = PBXBuildFile; fileRef = A7459DF02C24362E005E73C7 /* GFButton.swift */; };
		A7459DF32C2558C9005E73C7 /* GFTextField.swift in Sources */ = {isa = PBXBuildFile; fileRef = A7459DF22C2558C9005E73C7 /* GFTextField.swift */; };
		A7459DF52C275158005E73C7 /* FollowerListViewController.swift in Sources */ = {isa = PBXBuildFile; fileRef = A7459DF42C275158005E73C7 /* FollowerListViewController.swift */; };
		A7459DF72C294CA5005E73C7 /* GFTitleLabel.swift in Sources */ = {isa = PBXBuildFile; fileRef = A7459DF62C294CA5005E73C7 /* GFTitleLabel.swift */; };
		A7459DF92C295469005E73C7 /* GFBodyLabel.swift in Sources */ = {isa = PBXBuildFile; fileRef = A7459DF82C295469005E73C7 /* GFBodyLabel.swift */; };
		A7459DFB2C2955CA005E73C7 /* GFAlertViewController.swift in Sources */ = {isa = PBXBuildFile; fileRef = A7459DFA2C2955CA005E73C7 /* GFAlertViewController.swift */; };
		A7459DFD2C296571005E73C7 /* UIViewController+Ext.swift in Sources */ = {isa = PBXBuildFile; fileRef = A7459DFC2C296571005E73C7 /* UIViewController+Ext.swift */; };
		A7459E042C298BC0005E73C7 /* Follower.swift in Sources */ = {isa = PBXBuildFile; fileRef = A7459E032C298BC0005E73C7 /* Follower.swift */; };
		A7459E062C298EB5005E73C7 /* User.swift in Sources */ = {isa = PBXBuildFile; fileRef = A7459E052C298EB5005E73C7 /* User.swift */; };
		A7459E092C2AC416005E73C7 /* NetworkManager .swift in Sources */ = {isa = PBXBuildFile; fileRef = A7459E082C2AC416005E73C7 /* NetworkManager .swift */; };
		A7459E0C2C2AD883005E73C7 /* ErrorMessage.swift in Sources */ = {isa = PBXBuildFile; fileRef = A7459E0B2C2AD883005E73C7 /* ErrorMessage.swift */; };
		A7459E0F2C2C2050005E73C7 /* FollowerCell.swift in Sources */ = {isa = PBXBuildFile; fileRef = A7459E0E2C2C2050005E73C7 /* FollowerCell.swift */; };
		A7459E112C2C2142005E73C7 /* GFAvatarImageView.swift in Sources */ = {isa = PBXBuildFile; fileRef = A7459E102C2C2142005E73C7 /* GFAvatarImageView.swift */; };
		A7459E132C2D5FA8005E73C7 /* UIHelper.swift in Sources */ = {isa = PBXBuildFile; fileRef = A7459E122C2D5FA8005E73C7 /* UIHelper.swift */; };
		A7873FDF2C32D4A20054D97D /* GFEmptyStateView.swift in Sources */ = {isa = PBXBuildFile; fileRef = A7873FDE2C32D4A20054D97D /* GFEmptyStateView.swift */; };
/* End PBXBuildFile section */

/* Begin PBXFileReference section */
		A7459D832C216A8F005E73C7 /* GithubFollowersApp.app */ = {isa = PBXFileReference; explicitFileType = wrapper.application; includeInIndex = 0; path = GithubFollowersApp.app; sourceTree = BUILT_PRODUCTS_DIR; };
		A7459D862C216A8F005E73C7 /* AppDelegate.swift */ = {isa = PBXFileReference; lastKnownFileType = sourcecode.swift; path = AppDelegate.swift; sourceTree = "<group>"; };
		A7459D882C216A8F005E73C7 /* SceneDelegate.swift */ = {isa = PBXFileReference; lastKnownFileType = sourcecode.swift; path = SceneDelegate.swift; sourceTree = "<group>"; };
		A7459D8F2C216A92005E73C7 /* Assets.xcassets */ = {isa = PBXFileReference; lastKnownFileType = folder.assetcatalog; path = Assets.xcassets; sourceTree = "<group>"; };
		A7459D922C216A92005E73C7 /* Base */ = {isa = PBXFileReference; lastKnownFileType = file.storyboard; name = Base; path = Base.lproj/LaunchScreen.storyboard; sourceTree = "<group>"; };
		A7459D942C216A92005E73C7 /* Info.plist */ = {isa = PBXFileReference; lastKnownFileType = text.plist.xml; path = Info.plist; sourceTree = "<group>"; };
		A7459D9A2C22E1BA005E73C7 /* SearchViewController.swift */ = {isa = PBXFileReference; lastKnownFileType = sourcecode.swift; path = SearchViewController.swift; sourceTree = "<group>"; };
		A7459D9C2C22E250005E73C7 /* FavoritesListViewController.swift */ = {isa = PBXFileReference; lastKnownFileType = sourcecode.swift; path = FavoritesListViewController.swift; sourceTree = "<group>"; };
		A7459DF02C24362E005E73C7 /* GFButton.swift */ = {isa = PBXFileReference; lastKnownFileType = sourcecode.swift; path = GFButton.swift; sourceTree = "<group>"; };
		A7459DF22C2558C9005E73C7 /* GFTextField.swift */ = {isa = PBXFileReference; lastKnownFileType = sourcecode.swift; path = GFTextField.swift; sourceTree = "<group>"; };
		A7459DF42C275158005E73C7 /* FollowerListViewController.swift */ = {isa = PBXFileReference; lastKnownFileType = sourcecode.swift; path = FollowerListViewController.swift; sourceTree = "<group>"; };
		A7459DF62C294CA5005E73C7 /* GFTitleLabel.swift */ = {isa = PBXFileReference; lastKnownFileType = sourcecode.swift; path = GFTitleLabel.swift; sourceTree = "<group>"; };
		A7459DF82C295469005E73C7 /* GFBodyLabel.swift */ = {isa = PBXFileReference; lastKnownFileType = sourcecode.swift; path = GFBodyLabel.swift; sourceTree = "<group>"; };
		A7459DFA2C2955CA005E73C7 /* GFAlertViewController.swift */ = {isa = PBXFileReference; lastKnownFileType = sourcecode.swift; path = GFAlertViewController.swift; sourceTree = "<group>"; };
		A7459DFC2C296571005E73C7 /* UIViewController+Ext.swift */ = {isa = PBXFileReference; lastKnownFileType = sourcecode.swift; path = "UIViewController+Ext.swift"; sourceTree = "<group>"; };
		A7459E032C298BC0005E73C7 /* Follower.swift */ = {isa = PBXFileReference; lastKnownFileType = sourcecode.swift; path = Follower.swift; sourceTree = "<group>"; };
		A7459E052C298EB5005E73C7 /* User.swift */ = {isa = PBXFileReference; lastKnownFileType = sourcecode.swift; path = User.swift; sourceTree = "<group>"; };
		A7459E082C2AC416005E73C7 /* NetworkManager .swift */ = {isa = PBXFileReference; lastKnownFileType = sourcecode.swift; path = "NetworkManager .swift"; sourceTree = "<group>"; };
		A7459E0B2C2AD883005E73C7 /* ErrorMessage.swift */ = {isa = PBXFileReference; lastKnownFileType = sourcecode.swift; path = ErrorMessage.swift; sourceTree = "<group>"; };
		A7459E0E2C2C2050005E73C7 /* FollowerCell.swift */ = {isa = PBXFileReference; lastKnownFileType = sourcecode.swift; path = FollowerCell.swift; sourceTree = "<group>"; };
		A7459E102C2C2142005E73C7 /* GFAvatarImageView.swift */ = {isa = PBXFileReference; lastKnownFileType = sourcecode.swift; path = GFAvatarImageView.swift; sourceTree = "<group>"; };
		A7459E122C2D5FA8005E73C7 /* UIHelper.swift */ = {isa = PBXFileReference; lastKnownFileType = sourcecode.swift; path = UIHelper.swift; sourceTree = "<group>"; };
		A7873FDE2C32D4A20054D97D /* GFEmptyStateView.swift */ = {isa = PBXFileReference; lastKnownFileType = sourcecode.swift; path = GFEmptyStateView.swift; sourceTree = "<group>"; };
/* End PBXFileReference section */

/* Begin PBXFrameworksBuildPhase section */
		A7459D802C216A8F005E73C7 /* Frameworks */ = {
			isa = PBXFrameworksBuildPhase;
			buildActionMask = 2147483647;
			files = (
			);
			runOnlyForDeploymentPostprocessing = 0;
		};
/* End PBXFrameworksBuildPhase section */

/* Begin PBXGroup section */
		A7459D7A2C216A8F005E73C7 = {
			isa = PBXGroup;
			children = (
				A7459D852C216A8F005E73C7 /* GithubFollowersApp */,
				A7459D842C216A8F005E73C7 /* Products */,
			);
			sourceTree = "<group>";
		};
		A7459D842C216A8F005E73C7 /* Products */ = {
			isa = PBXGroup;
			children = (
				A7459D832C216A8F005E73C7 /* GithubFollowersApp.app */,
			);
			name = Products;
			sourceTree = "<group>";
		};
		A7459D852C216A8F005E73C7 /* GithubFollowersApp */ = {
			isa = PBXGroup;
			children = (
				A7459E0A2C2AD869005E73C7 /* Utilities */,
				A7459E072C2AA901005E73C7 /* Managers */,
				A7459E022C298BAB005E73C7 /* Model */,
				A7459DFF2C2988F3005E73C7 /* Custom Views */,
				A7459DFE2C298899005E73C7 /* Screens */,
				A7459E012C29896E005E73C7 /* Support */,
				A7459E002C298921005E73C7 /* Extensions */,
				A7459D942C216A92005E73C7 /* Info.plist */,
			);
			path = GithubFollowersApp;
			sourceTree = "<group>";
		};
		A7459DFE2C298899005E73C7 /* Screens */ = {
			isa = PBXGroup;
			children = (
				A7459D9A2C22E1BA005E73C7 /* SearchViewController.swift */,
				A7459DF42C275158005E73C7 /* FollowerListViewController.swift */,
				A7459D9C2C22E250005E73C7 /* FavoritesListViewController.swift */,
			);
			path = Screens;
			sourceTree = "<group>";
		};
		A7459DFF2C2988F3005E73C7 /* Custom Views */ = {
			isa = PBXGroup;
			children = (
				A7873FDC2C32D3F90054D97D /* Views */,
				A7873FDB2C32D3F10054D97D /* Buttons */,
				A7873FDA2C32D3DC0054D97D /* TextFields */,
				A7873FD92C32D3BF0054D97D /* ViewControllers */,
				A7873FD82C32D3B10054D97D /* ImageViews */,
				A7459E0D2C2C2015005E73C7 /* Cells */,
			);
			path = "Custom Views";
			sourceTree = "<group>";
		};
		A7459E002C298921005E73C7 /* Extensions */ = {
			isa = PBXGroup;
			children = (
				A7459DFC2C296571005E73C7 /* UIViewController+Ext.swift */,
			);
			path = Extensions;
			sourceTree = "<group>";
		};
		A7459E012C29896E005E73C7 /* Support */ = {
			isa = PBXGroup;
			children = (
				A7459D8F2C216A92005E73C7 /* Assets.xcassets */,
				A7459D912C216A92005E73C7 /* LaunchScreen.storyboard */,
				A7459D862C216A8F005E73C7 /* AppDelegate.swift */,
				A7459D882C216A8F005E73C7 /* SceneDelegate.swift */,
			);
			path = Support;
			sourceTree = "<group>";
		};
		A7459E022C298BAB005E73C7 /* Model */ = {
			isa = PBXGroup;
			children = (
				A7459E032C298BC0005E73C7 /* Follower.swift */,
				A7459E052C298EB5005E73C7 /* User.swift */,
			);
			name = Model;
			sourceTree = "<group>";
		};
		A7459E072C2AA901005E73C7 /* Managers */ = {
			isa = PBXGroup;
			children = (
				A7459E082C2AC416005E73C7 /* NetworkManager .swift */,
			);
			path = Managers;
			sourceTree = "<group>";
		};
		A7459E0A2C2AD869005E73C7 /* Utilities */ = {
			isa = PBXGroup;
			children = (
				A7459E0B2C2AD883005E73C7 /* ErrorMessage.swift */,
				A7459E122C2D5FA8005E73C7 /* UIHelper.swift */,
			);
			path = Utilities;
			sourceTree = "<group>";
		};
		A7459E0D2C2C2015005E73C7 /* Cells */ = {
			isa = PBXGroup;
			children = (
				A7459E0E2C2C2050005E73C7 /* FollowerCell.swift */,
			);
			path = Cells;
			sourceTree = "<group>";
		};
		A7873FD82C32D3B10054D97D /* ImageViews */ = {
			isa = PBXGroup;
			children = (
				A7459E102C2C2142005E73C7 /* GFAvatarImageView.swift */,
			);
			path = ImageViews;
			sourceTree = "<group>";
		};
		A7873FD92C32D3BF0054D97D /* ViewControllers */ = {
			isa = PBXGroup;
			children = (
				A7459DFA2C2955CA005E73C7 /* GFAlertViewController.swift */,
			);
			path = ViewControllers;
			sourceTree = "<group>";
		};
		A7873FDA2C32D3DC0054D97D /* TextFields */ = {
			isa = PBXGroup;
			children = (
				A7459DF22C2558C9005E73C7 /* GFTextField.swift */,
				A7873FDD2C32D42F0054D97D /* Labels */,
			);
			path = TextFields;
			sourceTree = "<group>";
		};
		A7873FDB2C32D3F10054D97D /* Buttons */ = {
			isa = PBXGroup;
			children = (
				A7459DF02C24362E005E73C7 /* GFButton.swift */,
			);
			path = Buttons;
			sourceTree = "<group>";
		};
		A7873FDC2C32D3F90054D97D /* Views */ = {
			isa = PBXGroup;
			children = (
				A7873FDE2C32D4A20054D97D /* GFEmptyStateView.swift */,
			);
			path = Views;
			sourceTree = "<group>";
		};
		A7873FDD2C32D42F0054D97D /* Labels */ = {
			isa = PBXGroup;
			children = (
				A7459DF62C294CA5005E73C7 /* GFTitleLabel.swift */,
				A7459DF82C295469005E73C7 /* GFBodyLabel.swift */,
			);
			path = Labels;
			sourceTree = "<group>";
		};
/* End PBXGroup section */

/* Begin PBXNativeTarget section */
		A7459D822C216A8F005E73C7 /* GithubFollowersApp */ = {
			isa = PBXNativeTarget;
			buildConfigurationList = A7459D972C216A93005E73C7 /* Build configuration list for PBXNativeTarget "GithubFollowersApp" */;
			buildPhases = (
				A7459D7F2C216A8F005E73C7 /* Sources */,
				A7459D802C216A8F005E73C7 /* Frameworks */,
				A7459D812C216A8F005E73C7 /* Resources */,
			);
			buildRules = (
			);
			dependencies = (
			);
			name = GithubFollowersApp;
			productName = GithubFollowersApp;
			productReference = A7459D832C216A8F005E73C7 /* GithubFollowersApp.app */;
			productType = "com.apple.product-type.application";
		};
/* End PBXNativeTarget section */

/* Begin PBXProject section */
		A7459D7B2C216A8F005E73C7 /* Project object */ = {
			isa = PBXProject;
			attributes = {
				BuildIndependentTargetsInParallel = 1;
				LastSwiftUpdateCheck = 1540;
				LastUpgradeCheck = 1540;
				TargetAttributes = {
					A7459D822C216A8F005E73C7 = {
						CreatedOnToolsVersion = 15.4;
					};
				};
			};
			buildConfigurationList = A7459D7E2C216A8F005E73C7 /* Build configuration list for PBXProject "GithubFollowersApp" */;
			compatibilityVersion = "Xcode 14.0";
			developmentRegion = en;
			hasScannedForEncodings = 0;
			knownRegions = (
				en,
				Base,
			);
			mainGroup = A7459D7A2C216A8F005E73C7;
			productRefGroup = A7459D842C216A8F005E73C7 /* Products */;
			projectDirPath = "";
			projectRoot = "";
			targets = (
				A7459D822C216A8F005E73C7 /* GithubFollowersApp */,
			);
		};
/* End PBXProject section */

/* Begin PBXResourcesBuildPhase section */
		A7459D812C216A8F005E73C7 /* Resources */ = {
			isa = PBXResourcesBuildPhase;
			buildActionMask = 2147483647;
			files = (
				A7459D902C216A92005E73C7 /* Assets.xcassets in Resources */,
				A7459D932C216A92005E73C7 /* Base in Resources */,
			);
			runOnlyForDeploymentPostprocessing = 0;
		};
/* End PBXResourcesBuildPhase section */

/* Begin PBXSourcesBuildPhase section */
		A7459D7F2C216A8F005E73C7 /* Sources */ = {
			isa = PBXSourcesBuildPhase;
			buildActionMask = 2147483647;
			files = (
				A7459E062C298EB5005E73C7 /* User.swift in Sources */,
				A7459E092C2AC416005E73C7 /* NetworkManager .swift in Sources */,
				A7459DFB2C2955CA005E73C7 /* GFAlertViewController.swift in Sources */,
				A7459DF52C275158005E73C7 /* FollowerListViewController.swift in Sources */,
				A7459D9D2C22E250005E73C7 /* FavoritesListViewController.swift in Sources */,
				A7459E132C2D5FA8005E73C7 /* UIHelper.swift in Sources */,
				A7459E112C2C2142005E73C7 /* GFAvatarImageView.swift in Sources */,
				A7459DFD2C296571005E73C7 /* UIViewController+Ext.swift in Sources */,
				A7459DF12C24362E005E73C7 /* GFButton.swift in Sources */,
				A7459E0F2C2C2050005E73C7 /* FollowerCell.swift in Sources */,
				A7459E0C2C2AD883005E73C7 /* ErrorMessage.swift in Sources */,
				A7459D872C216A8F005E73C7 /* AppDelegate.swift in Sources */,
				A7459DF92C295469005E73C7 /* GFBodyLabel.swift in Sources */,
				A7459E042C298BC0005E73C7 /* Follower.swift in Sources */,
				A7873FDF2C32D4A20054D97D /* GFEmptyStateView.swift in Sources */,
				A7459DF72C294CA5005E73C7 /* GFTitleLabel.swift in Sources */,
				A7459D9B2C22E1BA005E73C7 /* SearchViewController.swift in Sources */,
				A7459D892C216A8F005E73C7 /* SceneDelegate.swift in Sources */,
				A7459DF32C2558C9005E73C7 /* GFTextField.swift in Sources */,
			);
			runOnlyForDeploymentPostprocessing = 0;
		};
/* End PBXSourcesBuildPhase section */

/* Begin PBXVariantGroup section */
		A7459D912C216A92005E73C7 /* LaunchScreen.storyboard */ = {
			isa = PBXVariantGroup;
			children = (
				A7459D922C216A92005E73C7 /* Base */,
			);
			name = LaunchScreen.storyboard;
			sourceTree = "<group>";
		};
/* End PBXVariantGroup section */

/* Begin XCBuildConfiguration section */
		A7459D952C216A92005E73C7 /* Debug */ = {
			isa = XCBuildConfiguration;
			buildSettings = {
				ALWAYS_SEARCH_USER_PATHS = NO;
				ASSETCATALOG_COMPILER_GENERATE_SWIFT_ASSET_SYMBOL_EXTENSIONS = YES;
				CLANG_ANALYZER_NONNULL = YES;
				CLANG_ANALYZER_NUMBER_OBJECT_CONVERSION = YES_AGGRESSIVE;
				CLANG_CXX_LANGUAGE_STANDARD = "gnu++20";
				CLANG_ENABLE_MODULES = YES;
				CLANG_ENABLE_OBJC_ARC = YES;
				CLANG_ENABLE_OBJC_WEAK = YES;
				CLANG_WARN_BLOCK_CAPTURE_AUTORELEASING = YES;
				CLANG_WARN_BOOL_CONVERSION = YES;
				CLANG_WARN_COMMA = YES;
				CLANG_WARN_CONSTANT_CONVERSION = YES;
				CLANG_WARN_DEPRECATED_OBJC_IMPLEMENTATIONS = YES;
				CLANG_WARN_DIRECT_OBJC_ISA_USAGE = YES_ERROR;
				CLANG_WARN_DOCUMENTATION_COMMENTS = YES;
				CLANG_WARN_EMPTY_BODY = YES;
				CLANG_WARN_ENUM_CONVERSION = YES;
				CLANG_WARN_INFINITE_RECURSION = YES;
				CLANG_WARN_INT_CONVERSION = YES;
				CLANG_WARN_NON_LITERAL_NULL_CONVERSION = YES;
				CLANG_WARN_OBJC_IMPLICIT_RETAIN_SELF = YES;
				CLANG_WARN_OBJC_LITERAL_CONVERSION = YES;
				CLANG_WARN_OBJC_ROOT_CLASS = YES_ERROR;
				CLANG_WARN_QUOTED_INCLUDE_IN_FRAMEWORK_HEADER = YES;
				CLANG_WARN_RANGE_LOOP_ANALYSIS = YES;
				CLANG_WARN_STRICT_PROTOTYPES = YES;
				CLANG_WARN_SUSPICIOUS_MOVE = YES;
				CLANG_WARN_UNGUARDED_AVAILABILITY = YES_AGGRESSIVE;
				CLANG_WARN_UNREACHABLE_CODE = YES;
				CLANG_WARN__DUPLICATE_METHOD_MATCH = YES;
				COPY_PHASE_STRIP = NO;
				DEBUG_INFORMATION_FORMAT = dwarf;
				ENABLE_STRICT_OBJC_MSGSEND = YES;
				ENABLE_TESTABILITY = YES;
				ENABLE_USER_SCRIPT_SANDBOXING = YES;
				GCC_C_LANGUAGE_STANDARD = gnu17;
				GCC_DYNAMIC_NO_PIC = NO;
				GCC_NO_COMMON_BLOCKS = YES;
				GCC_OPTIMIZATION_LEVEL = 0;
				GCC_PREPROCESSOR_DEFINITIONS = (
					"DEBUG=1",
					"$(inherited)",
				);
				GCC_WARN_64_TO_32_BIT_CONVERSION = YES;
				GCC_WARN_ABOUT_RETURN_TYPE = YES_ERROR;
				GCC_WARN_UNDECLARED_SELECTOR = YES;
				GCC_WARN_UNINITIALIZED_AUTOS = YES_AGGRESSIVE;
				GCC_WARN_UNUSED_FUNCTION = YES;
				GCC_WARN_UNUSED_VARIABLE = YES;
				IPHONEOS_DEPLOYMENT_TARGET = 17.5;
				LOCALIZATION_PREFERS_STRING_CATALOGS = YES;
				MTL_ENABLE_DEBUG_INFO = INCLUDE_SOURCE;
				MTL_FAST_MATH = YES;
				ONLY_ACTIVE_ARCH = YES;
				SDKROOT = iphoneos;
				SWIFT_ACTIVE_COMPILATION_CONDITIONS = "DEBUG $(inherited)";
				SWIFT_OPTIMIZATION_LEVEL = "-Onone";
			};
			name = Debug;
		};
		A7459D962C216A93005E73C7 /* Release */ = {
			isa = XCBuildConfiguration;
			buildSettings = {
				ALWAYS_SEARCH_USER_PATHS = NO;
				ASSETCATALOG_COMPILER_GENERATE_SWIFT_ASSET_SYMBOL_EXTENSIONS = YES;
				CLANG_ANALYZER_NONNULL = YES;
				CLANG_ANALYZER_NUMBER_OBJECT_CONVERSION = YES_AGGRESSIVE;
				CLANG_CXX_LANGUAGE_STANDARD = "gnu++20";
				CLANG_ENABLE_MODULES = YES;
				CLANG_ENABLE_OBJC_ARC = YES;
				CLANG_ENABLE_OBJC_WEAK = YES;
				CLANG_WARN_BLOCK_CAPTURE_AUTORELEASING = YES;
				CLANG_WARN_BOOL_CONVERSION = YES;
				CLANG_WARN_COMMA = YES;
				CLANG_WARN_CONSTANT_CONVERSION = YES;
				CLANG_WARN_DEPRECATED_OBJC_IMPLEMENTATIONS = YES;
				CLANG_WARN_DIRECT_OBJC_ISA_USAGE = YES_ERROR;
				CLANG_WARN_DOCUMENTATION_COMMENTS = YES;
				CLANG_WARN_EMPTY_BODY = YES;
				CLANG_WARN_ENUM_CONVERSION = YES;
				CLANG_WARN_INFINITE_RECURSION = YES;
				CLANG_WARN_INT_CONVERSION = YES;
				CLANG_WARN_NON_LITERAL_NULL_CONVERSION = YES;
				CLANG_WARN_OBJC_IMPLICIT_RETAIN_SELF = YES;
				CLANG_WARN_OBJC_LITERAL_CONVERSION = YES;
				CLANG_WARN_OBJC_ROOT_CLASS = YES_ERROR;
				CLANG_WARN_QUOTED_INCLUDE_IN_FRAMEWORK_HEADER = YES;
				CLANG_WARN_RANGE_LOOP_ANALYSIS = YES;
				CLANG_WARN_STRICT_PROTOTYPES = YES;
				CLANG_WARN_SUSPICIOUS_MOVE = YES;
				CLANG_WARN_UNGUARDED_AVAILABILITY = YES_AGGRESSIVE;
				CLANG_WARN_UNREACHABLE_CODE = YES;
				CLANG_WARN__DUPLICATE_METHOD_MATCH = YES;
				COPY_PHASE_STRIP = NO;
				DEBUG_INFORMATION_FORMAT = "dwarf-with-dsym";
				ENABLE_NS_ASSERTIONS = NO;
				ENABLE_STRICT_OBJC_MSGSEND = YES;
				ENABLE_USER_SCRIPT_SANDBOXING = YES;
				GCC_C_LANGUAGE_STANDARD = gnu17;
				GCC_NO_COMMON_BLOCKS = YES;
				GCC_WARN_64_TO_32_BIT_CONVERSION = YES;
				GCC_WARN_ABOUT_RETURN_TYPE = YES_ERROR;
				GCC_WARN_UNDECLARED_SELECTOR = YES;
				GCC_WARN_UNINITIALIZED_AUTOS = YES_AGGRESSIVE;
				GCC_WARN_UNUSED_FUNCTION = YES;
				GCC_WARN_UNUSED_VARIABLE = YES;
				IPHONEOS_DEPLOYMENT_TARGET = 17.5;
				LOCALIZATION_PREFERS_STRING_CATALOGS = YES;
				MTL_ENABLE_DEBUG_INFO = NO;
				MTL_FAST_MATH = YES;
				SDKROOT = iphoneos;
				SWIFT_COMPILATION_MODE = wholemodule;
				VALIDATE_PRODUCT = YES;
			};
			name = Release;
		};
		A7459D982C216A93005E73C7 /* Debug */ = {
			isa = XCBuildConfiguration;
			buildSettings = {
				ASSETCATALOG_COMPILER_APPICON_NAME = AppIcon;
				ASSETCATALOG_COMPILER_GLOBAL_ACCENT_COLOR_NAME = AccentColor;
				CODE_SIGN_STYLE = Automatic;
				CURRENT_PROJECT_VERSION = 1;
				DEVELOPMENT_TEAM = 573L85485U;
				GENERATE_INFOPLIST_FILE = YES;
				INFOPLIST_FILE = GithubFollowersApp/Info.plist;
				INFOPLIST_KEY_UIApplicationSupportsIndirectInputEvents = YES;
				INFOPLIST_KEY_UILaunchStoryboardName = LaunchScreen;
				INFOPLIST_KEY_UISupportedInterfaceOrientations = "UIInterfaceOrientationLandscapeLeft UIInterfaceOrientationLandscapeRight UIInterfaceOrientationPortrait";
				INFOPLIST_KEY_UISupportedInterfaceOrientations_iPad = "UIInterfaceOrientationPortrait UIInterfaceOrientationPortraitUpsideDown";
				LD_RUNPATH_SEARCH_PATHS = (
					"$(inherited)",
					"@executable_path/Frameworks",
				);
				MARKETING_VERSION = 1.0;
				PRODUCT_BUNDLE_IDENTIFIER = com.atharvazanwar.GithubFollowersApp;
				PRODUCT_NAME = "$(TARGET_NAME)";
				SWIFT_EMIT_LOC_STRINGS = YES;
				SWIFT_VERSION = 5.0;
				TARGETED_DEVICE_FAMILY = "1,2";
			};
			name = Debug;
		};
		A7459D992C216A93005E73C7 /* Release */ = {
			isa = XCBuildConfiguration;
			buildSettings = {
				ASSETCATALOG_COMPILER_APPICON_NAME = AppIcon;
				ASSETCATALOG_COMPILER_GLOBAL_ACCENT_COLOR_NAME = AccentColor;
				CODE_SIGN_STYLE = Automatic;
				CURRENT_PROJECT_VERSION = 1;
				DEVELOPMENT_TEAM = 573L85485U;
				GENERATE_INFOPLIST_FILE = YES;
				INFOPLIST_FILE = GithubFollowersApp/Info.plist;
				INFOPLIST_KEY_UIApplicationSupportsIndirectInputEvents = YES;
				INFOPLIST_KEY_UILaunchStoryboardName = LaunchScreen;
				INFOPLIST_KEY_UISupportedInterfaceOrientations = "UIInterfaceOrientationLandscapeLeft UIInterfaceOrientationLandscapeRight UIInterfaceOrientationPortrait";
				INFOPLIST_KEY_UISupportedInterfaceOrientations_iPad = "UIInterfaceOrientationPortrait UIInterfaceOrientationPortraitUpsideDown";
				LD_RUNPATH_SEARCH_PATHS = (
					"$(inherited)",
					"@executable_path/Frameworks",
				);
				MARKETING_VERSION = 1.0;
				PRODUCT_BUNDLE_IDENTIFIER = com.atharvazanwar.GithubFollowersApp;
				PRODUCT_NAME = "$(TARGET_NAME)";
				SWIFT_EMIT_LOC_STRINGS = YES;
				SWIFT_VERSION = 5.0;
				TARGETED_DEVICE_FAMILY = "1,2";
			};
			name = Release;
		};
/* End XCBuildConfiguration section */

/* Begin XCConfigurationList section */
		A7459D7E2C216A8F005E73C7 /* Build configuration list for PBXProject "GithubFollowersApp" */ = {
			isa = XCConfigurationList;
			buildConfigurations = (
				A7459D952C216A92005E73C7 /* Debug */,
				A7459D962C216A93005E73C7 /* Release */,
			);
			defaultConfigurationIsVisible = 0;
			defaultConfigurationName = Release;
		};
		A7459D972C216A93005E73C7 /* Build configuration list for PBXNativeTarget "GithubFollowersApp" */ = {
			isa = XCConfigurationList;
			buildConfigurations = (
				A7459D982C216A93005E73C7 /* Debug */,
				A7459D992C216A93005E73C7 /* Release */,
			);
			defaultConfigurationIsVisible = 0;
			defaultConfigurationName = Release;
		};
/* End XCConfigurationList section */
	};
	rootObject = A7459D7B2C216A8F005E73C7 /* Project object */;
}
